
Microsoft Visual Studio Solution File, Format Version 12.00
# Visual Studio Version 16
VisualStudioVersion = 16.0.30114.105
MinimumVisualStudioVersion = 10.0.40219.1
Project("{FAE04EC0-301F-11D3-BF4B-00C04F79EFBC}") = "PhoneBook", "PhoneBook\PhoneBook.csproj", "{016ECC2B-4060-4A00-9A24-4CE3677B9B9C}"
EndProject
Global
	GlobalSection(SolutionConfigurationPlatforms) = preSolution
		Debug|ARM = Debug|ARM
		Debug|ARM64 = Debug|ARM64
		Debug|x64 = Debug|x64
		Debug|x86 = Debug|x86
		Release|ARM = Release|ARM
		Release|ARM64 = Release|ARM64
		Release|x64 = Release|x64
		Release|x86 = Release|x86
	EndGlobalSection
	GlobalSection(ProjectConfigurationPlatforms) = postSolution
		{016ECC2B-4060-4A00-9A24-4CE3677B9B9C}.Debug|ARM.ActiveCfg = Debug|ARM
		{016ECC2B-4060-4A00-9A24-4CE3677B9B9C}.Debug|ARM.Build.0 = Debug|ARM
		{016ECC2B-4060-4A00-9A24-4CE3677B9B9C}.Debug|ARM.Deploy.0 = Debug|ARM
		{016ECC2B-4060-4A00-9A24-4CE3677B9B9C}.Debug|ARM64.ActiveCfg = Debug|ARM64
		{016ECC2B-4060-4A00-9A24-4CE3677B9B9C}.Debug|ARM64.Build.0 = Debug|ARM64
		{016ECC2B-4060-4A00-9A24-4CE3677B9B9C}.Debug|ARM64.Deploy.0 = Debug|ARM64
		{016ECC2B-4060-4A00-9A24-4CE3677B9B9C}.Debug|x64.ActiveCfg = Debug|x64
		{016ECC2B-4060-4A00-9A24-4CE3677B9B9C}.Debug|x64.Build.0 = Debug|x64
		{016ECC2B-4060-4A00-9A24-4CE3677B9B9C}.Debug|x64.Deploy.0 = Debug|x64
		{016ECC2B-4060-4A00-9A24-4CE3677B9B9C}.Debug|x86.ActiveCfg = Debug|x86
		{016ECC2B-4060-4A00-9A24-4CE3677B9B9C}.Debug|x86.Build.0 = Debug|x86
		{016ECC2B-4060-4A00-9A24-4CE3677B9B9C}.Debug|x86.Deploy.0 = Debug|x86
		{016ECC2B-4060-4A00-9A24-4CE3677B9B9C}.Release|ARM.ActiveCfg = Release|ARM
		{016ECC2B-4060-4A00-9A24-4CE3677B9B9C}.Release|ARM.Build.0 = Release|ARM
		{016ECC2B-4060-4A00-9A24-4CE3677B9B9C}.Release|ARM.Deploy.0 = Release|ARM
		{016ECC2B-4060-4A00-9A24-4CE3677B9B9C}.Release|ARM64.ActiveCfg = Release|ARM64
		{016ECC2B-4060-4A00-9A24-4CE3677B9B9C}.Release|ARM64.Build.0 = Release|ARM64
		{016ECC2B-4060-4A00-9A24-4CE3677B9B9C}.Release|ARM64.Deploy.0 = Release|ARM64
		{016ECC2B-4060-4A00-9A24-4CE3677B9B9C}.Release|x64.ActiveCfg = Release|x64
		{016ECC2B-4060-4A00-9A24-4CE3677B9B9C}.Release|x64.Build.0 = Release|x64
		{016ECC2B-4060-4A00-9A24-4CE3677B9B9C}.Release|x64.Deploy.0 = Release|x64
		{016ECC2B-4060-4A00-9A24-4CE3677B9B9C}.Release|x86.ActiveCfg = Release|x86
		{016ECC2B-4060-4A00-9A24-4CE3677B9B9C}.Release|x86.Build.0 = Release|x86
		{016ECC2B-4060-4A00-9A24-4CE3677B9B9C}.Release|x86.Deploy.0 = Release|x86
	EndGlobalSection
	GlobalSection(SolutionProperties) = preSolution
		HideSolutionNode = FALSE
	EndGlobalSection
	GlobalSection(ExtensibilityGlobals) = postSolution
		SolutionGuid = {68481596-5BC7-491B-A339-F83DD8DC56FF}
	EndGlobalSection
EndGlobal
